
Microsoft Visual Studio Solution File, Format Version 12.00
# Visual Studio 15
Project("{FAE04EC0-301F-11D3-BF4B-00C04F79EFBC}") = "ResMgrDemo", "ResMgrDemo.csproj", "{6D548581-F1FE-DCD7-84B3-349D6BDC3B78}"
EndProject
Project("{FAE04EC0-301F-11D3-BF4B-00C04F79EFBC}") = "ResMgrDemo.Editor", "ResMgrDemo.Editor.csproj", "{80DAD4B1-6018-6410-A426-D68B006615DD}"
EndProject
Global
	GlobalSection(SolutionConfigurationPlatforms) = preSolution
		Debug|Any CPU = Debug|Any CPU
		Release|Any CPU = Release|Any CPU
	EndGlobalSection
	GlobalSection(ProjectConfigurationPlatforms) = postSolution
		{6D548581-F1FE-DCD7-84B3-349D6BDC3B78}.Debug|Any CPU.ActiveCfg = Debug|Any CPU
		{6D548581-F1FE-DCD7-84B3-349D6BDC3B78}.Debug|Any CPU.Build.0 = Debug|Any CPU
		{6D548581-F1FE-DCD7-84B3-349D6BDC3B78}.Release|Any CPU.ActiveCfg = Release|Any CPU
		{6D548581-F1FE-DCD7-84B3-349D6BDC3B78}.Release|Any CPU.Build.0 = Release|Any CPU
		{80DAD4B1-6018-6410-A426-D68B006615DD}.Debug|Any CPU.ActiveCfg = Debug|Any CPU
		{80DAD4B1-6018-6410-A426-D68B006615DD}.Debug|Any CPU.Build.0 = Debug|Any CPU
		{80DAD4B1-6018-6410-A426-D68B006615DD}.Release|Any CPU.ActiveCfg = Release|Any CPU
		{80DAD4B1-6018-6410-A426-D68B006615DD}.Release|Any CPU.Build.0 = Release|Any CPU
	EndGlobalSection
	GlobalSection(SolutionProperties) = preSolution
		HideSolutionNode = FALSE
	EndGlobalSection
EndGlobal
